
Microsoft Visual Studio Solution File, Format Version 12.00
# Visual Studio Version 17
VisualStudioVersion = 17.11.35327.3
MinimumVisualStudioVersion = 10.0.40219.1
Project("{FAE04EC0-301F-11D3-BF4B-00C04F79EFBC}") = "Student Grading System Management", "Student Grading System Management\Student Grading System Management.csproj", "{F465F269-AF34-4C18-A9B7-168D9F6FC12B}"
EndProject
Global
	GlobalSection(SolutionConfigurationPlatforms) = preSolution
		Debug|Any CPU = Debug|Any CPU
		Release|Any CPU = Release|Any CPU
	EndGlobalSection
	GlobalSection(ProjectConfigurationPlatforms) = postSolution
		{F465F269-AF34-4C18-A9B7-168D9F6FC12B}.Debug|Any CPU.ActiveCfg = Debug|Any CPU
		{F465F269-AF34-4C18-A9B7-168D9F6FC12B}.Debug|Any CPU.Build.0 = Debug|Any CPU
		{F465F269-AF34-4C18-A9B7-168D9F6FC12B}.Release|Any CPU.ActiveCfg = Release|Any CPU
		{F465F269-AF34-4C18-A9B7-168D9F6FC12B}.Release|Any CPU.Build.0 = Release|Any CPU
	EndGlobalSection
	GlobalSection(SolutionProperties) = preSolution
		HideSolutionNode = FALSE
	EndGlobalSection
	GlobalSection(ExtensibilityGlobals) = postSolution
		SolutionGuid = {4FDF0DD5-6D99-4176-83D9-6174486B766B}
	EndGlobalSection
EndGlobal
